// !$*UTF8*$!
{
	archiveVersion = 1;
	classes = {
	};
	objectVersion = 56;
	objects = {

/* Begin PBXBuildFile section */
		70315CFA2A72AF0A000C6381 /* Estee_LauderApp.swift in Sources */ = {isa = PBXBuildFile; fileRef = 70315CF92A72AF0A000C6381 /* Estee_LauderApp.swift */; };
		70315CFC2A72AF0A000C6381 /* ContentView.swift in Sources */ = {isa = PBXBuildFile; fileRef = 70315CFB2A72AF0A000C6381 /* ContentView.swift */; };
		70315CFE2A72AF0C000C6381 /* Assets.xcassets in Resources */ = {isa = PBXBuildFile; fileRef = 70315CFD2A72AF0C000C6381 /* Assets.xcassets */; };
		70315D012A72AF0C000C6381 /* Preview Assets.xcassets in Resources */ = {isa = PBXBuildFile; fileRef = 70315D002A72AF0C000C6381 /* Preview Assets.xcassets */; };
		70315D0F2A77A01F000C6381 /* LaunchScreenView.swift in Sources */ = {isa = PBXBuildFile; fileRef = 70315D0E2A77A01F000C6381 /* LaunchScreenView.swift */; };
		70315D112A77A504000C6381 /* LaunchScreenManager.swift in Sources */ = {isa = PBXBuildFile; fileRef = 70315D102A77A504000C6381 /* LaunchScreenManager.swift */; };
		70315D132A77B243000C6381 /* video1.mp4 in Resources */ = {isa = PBXBuildFile; fileRef = 70315D122A77B242000C6381 /* video1.mp4 */; };
		70315D192A77EBCE000C6381 /* ProductsView.swift in Sources */ = {isa = PBXBuildFile; fileRef = 70315D182A77EBCE000C6381 /* ProductsView.swift */; };
		70BC398A2A793A6600DE44EC /* OptimaDisplay-Roman.ttf in Resources */ = {isa = PBXBuildFile; fileRef = 70BC39822A793A6600DE44EC /* OptimaDisplay-Roman.ttf */; };
		70BC398B2A793A6600DE44EC /* AkzidenzGroteskBQ-Reg.otf in Resources */ = {isa = PBXBuildFile; fileRef = 70BC39832A793A6600DE44EC /* AkzidenzGroteskBQ-Reg.otf */; };
		70BC398C2A793A6600DE44EC /* OptimaDisplay-Light.ttf in Resources */ = {isa = PBXBuildFile; fileRef = 70BC39842A793A6600DE44EC /* OptimaDisplay-Light.ttf */; };
		70BC398D2A793A6600DE44EC /* OptimaDisplay-Book.ttf in Resources */ = {isa = PBXBuildFile; fileRef = 70BC39852A793A6600DE44EC /* OptimaDisplay-Book.ttf */; };
		70BC398E2A793A6600DE44EC /* OptimaDisplay-UltraLight.ttf in Resources */ = {isa = PBXBuildFile; fileRef = 70BC39862A793A6600DE44EC /* OptimaDisplay-UltraLight.ttf */; };
		70BC398F2A793A6600DE44EC /* OptimaEL-Text.ttf in Resources */ = {isa = PBXBuildFile; fileRef = 70BC39872A793A6600DE44EC /* OptimaEL-Text.ttf */; };
		70BC39902A793A6600DE44EC /* OptimaEL-Roman.ttf in Resources */ = {isa = PBXBuildFile; fileRef = 70BC39882A793A6600DE44EC /* OptimaEL-Roman.ttf */; };
		70BC39912A793A6600DE44EC /* AkzidenzGroteskBQ-Bold.ttf in Resources */ = {isa = PBXBuildFile; fileRef = 70BC39892A793A6600DE44EC /* AkzidenzGroteskBQ-Bold.ttf */; };
		70BC39932A79493300DE44EC /* PromoView.swift in Sources */ = {isa = PBXBuildFile; fileRef = 70BC39922A79493300DE44EC /* PromoView.swift */; };
/* End PBXBuildFile section */

/* Begin PBXFileReference section */
		70315CF62A72AF0A000C6381 /* Estee Lauder.app */ = {isa = PBXFileReference; explicitFileType = wrapper.application; includeInIndex = 0; path = "Estee Lauder.app"; sourceTree = BUILT_PRODUCTS_DIR; };
		70315CF92A72AF0A000C6381 /* Estee_LauderApp.swift */ = {isa = PBXFileReference; lastKnownFileType = sourcecode.swift; path = Estee_LauderApp.swift; sourceTree = "<group>"; };
		70315CFB2A72AF0A000C6381 /* ContentView.swift */ = {isa = PBXFileReference; lastKnownFileType = sourcecode.swift; path = ContentView.swift; sourceTree = "<group>"; };
		70315CFD2A72AF0C000C6381 /* Assets.xcassets */ = {isa = PBXFileReference; lastKnownFileType = folder.assetcatalog; path = Assets.xcassets; sourceTree = "<group>"; };
		70315D002A72AF0C000C6381 /* Preview Assets.xcassets */ = {isa = PBXFileReference; lastKnownFileType = folder.assetcatalog; path = "Preview Assets.xcassets"; sourceTree = "<group>"; };
		70315D0D2A779205000C6381 /* Estee-Lauder-Info.plist */ = {isa = PBXFileReference; lastKnownFileType = text.plist; path = "Estee-Lauder-Info.plist"; sourceTree = SOURCE_ROOT; };
		70315D0E2A77A01F000C6381 /* LaunchScreenView.swift */ = {isa = PBXFileReference; lastKnownFileType = sourcecode.swift; path = LaunchScreenView.swift; sourceTree = "<group>"; };
		70315D102A77A504000C6381 /* LaunchScreenManager.swift */ = {isa = PBXFileReference; lastKnownFileType = sourcecode.swift; path = LaunchScreenManager.swift; sourceTree = "<group>"; };
		70315D122A77B242000C6381 /* video1.mp4 */ = {isa = PBXFileReference; lastKnownFileType = file; path = video1.mp4; sourceTree = "<group>"; };
		70315D182A77EBCE000C6381 /* ProductsView.swift */ = {isa = PBXFileReference; lastKnownFileType = sourcecode.swift; path = ProductsView.swift; sourceTree = "<group>"; };
		70BC39822A793A6600DE44EC /* OptimaDisplay-Roman.ttf */ = {isa = PBXFileReference; lastKnownFileType = file; path = "OptimaDisplay-Roman.ttf"; sourceTree = "<group>"; };
		70BC39832A793A6600DE44EC /* AkzidenzGroteskBQ-Reg.otf */ = {isa = PBXFileReference; lastKnownFileType = file; path = "AkzidenzGroteskBQ-Reg.otf"; sourceTree = "<group>"; };
		70BC39842A793A6600DE44EC /* OptimaDisplay-Light.ttf */ = {isa = PBXFileReference; lastKnownFileType = file; path = "OptimaDisplay-Light.ttf"; sourceTree = "<group>"; };
		70BC39852A793A6600DE44EC /* OptimaDisplay-Book.ttf */ = {isa = PBXFileReference; lastKnownFileType = file; path = "OptimaDisplay-Book.ttf"; sourceTree = "<group>"; };
		70BC39862A793A6600DE44EC /* OptimaDisplay-UltraLight.ttf */ = {isa = PBXFileReference; lastKnownFileType = file; path = "OptimaDisplay-UltraLight.ttf"; sourceTree = "<group>"; };
		70BC39872A793A6600DE44EC /* OptimaEL-Text.ttf */ = {isa = PBXFileReference; lastKnownFileType = file; path = "OptimaEL-Text.ttf"; sourceTree = "<group>"; };
		70BC39882A793A6600DE44EC /* OptimaEL-Roman.ttf */ = {isa = PBXFileReference; lastKnownFileType = file; path = "OptimaEL-Roman.ttf"; sourceTree = "<group>"; };
		70BC39892A793A6600DE44EC /* AkzidenzGroteskBQ-Bold.ttf */ = {isa = PBXFileReference; lastKnownFileType = file; path = "AkzidenzGroteskBQ-Bold.ttf"; sourceTree = "<group>"; };
		70BC39922A79493300DE44EC /* PromoView.swift */ = {isa = PBXFileReference; lastKnownFileType = sourcecode.swift; path = PromoView.swift; sourceTree = "<group>"; };
/* End PBXFileReference section */

/* Begin PBXFrameworksBuildPhase section */
		70315CF32A72AF0A000C6381 /* Frameworks */ = {
			isa = PBXFrameworksBuildPhase;
			buildActionMask = 2147483647;
			files = (
			);
			runOnlyForDeploymentPostprocessing = 0;
		};
/* End PBXFrameworksBuildPhase section */

/* Begin PBXGroup section */
		70315CED2A72AF0A000C6381 = {
			isa = PBXGroup;
			children = (
				70315CF82A72AF0A000C6381 /* Estee Lauder */,
				70315CF72A72AF0A000C6381 /* Products */,
			);
			sourceTree = "<group>";
		};
		70315CF72A72AF0A000C6381 /* Products */ = {
			isa = PBXGroup;
			children = (
				70315CF62A72AF0A000C6381 /* Estee Lauder.app */,
			);
			name = Products;
			sourceTree = "<group>";
		};
		70315CF82A72AF0A000C6381 /* Estee Lauder */ = {
			isa = PBXGroup;
			children = (
				70315D0D2A779205000C6381 /* Estee-Lauder-Info.plist */,
				70315CF92A72AF0A000C6381 /* Estee_LauderApp.swift */,
				70315CFB2A72AF0A000C6381 /* ContentView.swift */,
				70315D182A77EBCE000C6381 /* ProductsView.swift */,
				70BC39922A79493300DE44EC /* PromoView.swift */,
				70315D102A77A504000C6381 /* LaunchScreenManager.swift */,
				70315D0E2A77A01F000C6381 /* LaunchScreenView.swift */,
				70BC39812A793A6600DE44EC /* esteefonts */,
				70315D122A77B242000C6381 /* video1.mp4 */,
				70315CFD2A72AF0C000C6381 /* Assets.xcassets */,
				70315CFF2A72AF0C000C6381 /* Preview Content */,
			);
			path = "Estee Lauder";
			sourceTree = "<group>";
		};
		70315CFF2A72AF0C000C6381 /* Preview Content */ = {
			isa = PBXGroup;
			children = (
				70315D002A72AF0C000C6381 /* Preview Assets.xcassets */,
			);
			path = "Preview Content";
			sourceTree = "<group>";
		};
		70BC39812A793A6600DE44EC /* esteefonts */ = {
			isa = PBXGroup;
			children = (
				70BC39822A793A6600DE44EC /* OptimaDisplay-Roman.ttf */,
				70BC39832A793A6600DE44EC /* AkzidenzGroteskBQ-Reg.otf */,
				70BC39842A793A6600DE44EC /* OptimaDisplay-Light.ttf */,
				70BC39852A793A6600DE44EC /* OptimaDisplay-Book.ttf */,
				70BC39862A793A6600DE44EC /* OptimaDisplay-UltraLight.ttf */,
				70BC39872A793A6600DE44EC /* OptimaEL-Text.ttf */,
				70BC39882A793A6600DE44EC /* OptimaEL-Roman.ttf */,
				70BC39892A793A6600DE44EC /* AkzidenzGroteskBQ-Bold.ttf */,
			);
			path = esteefonts;
			sourceTree = "<group>";
		};
/* End PBXGroup section */

/* Begin PBXNativeTarget section */
		70315CF52A72AF0A000C6381 /* Estee Lauder */ = {
			isa = PBXNativeTarget;
			buildConfigurationList = 70315D042A72AF0C000C6381 /* Build configuration list for PBXNativeTarget "Estee Lauder" */;
			buildPhases = (
				70315CF22A72AF0A000C6381 /* Sources */,
				70315CF32A72AF0A000C6381 /* Frameworks */,
				70315CF42A72AF0A000C6381 /* Resources */,
			);
			buildRules = (
			);
			dependencies = (
			);
			name = "Estee Lauder";
			productName = "Estee Lauder";
			productReference = 70315CF62A72AF0A000C6381 /* Estee Lauder.app */;
			productType = "com.apple.product-type.application";
		};
/* End PBXNativeTarget section */

/* Begin PBXProject section */
		70315CEE2A72AF0A000C6381 /* Project object */ = {
			isa = PBXProject;
			attributes = {
				BuildIndependentTargetsInParallel = 1;
				LastSwiftUpdateCheck = 1430;
				LastUpgradeCheck = 1430;
				TargetAttributes = {
					70315CF52A72AF0A000C6381 = {
						CreatedOnToolsVersion = 14.3.1;
					};
				};
			};
			buildConfigurationList = 70315CF12A72AF0A000C6381 /* Build configuration list for PBXProject "Estee Lauder" */;
			compatibilityVersion = "Xcode 14.0";
			developmentRegion = en;
			hasScannedForEncodings = 0;
			knownRegions = (
				en,
				Base,
			);
			mainGroup = 70315CED2A72AF0A000C6381;
			productRefGroup = 70315CF72A72AF0A000C6381 /* Products */;
			projectDirPath = "";
			projectRoot = "";
			targets = (
				70315CF52A72AF0A000C6381 /* Estee Lauder */,
			);
		};
/* End PBXProject section */

/* Begin PBXResourcesBuildPhase section */
		70315CF42A72AF0A000C6381 /* Resources */ = {
			isa = PBXResourcesBuildPhase;
			buildActionMask = 2147483647;
			files = (
				70BC398C2A793A6600DE44EC /* OptimaDisplay-Light.ttf in Resources */,
				70BC39902A793A6600DE44EC /* OptimaEL-Roman.ttf in Resources */,
				70315D012A72AF0C000C6381 /* Preview Assets.xcassets in Resources */,
				70BC398B2A793A6600DE44EC /* AkzidenzGroteskBQ-Reg.otf in Resources */,
				70BC398A2A793A6600DE44EC /* OptimaDisplay-Roman.ttf in Resources */,
				70BC398F2A793A6600DE44EC /* OptimaEL-Text.ttf in Resources */,
				70BC398D2A793A6600DE44EC /* OptimaDisplay-Book.ttf in Resources */,
				70BC39912A793A6600DE44EC /* AkzidenzGroteskBQ-Bold.ttf in Resources */,
				70BC398E2A793A6600DE44EC /* OptimaDisplay-UltraLight.ttf in Resources */,
				70315D132A77B243000C6381 /* video1.mp4 in Resources */,
				70315CFE2A72AF0C000C6381 /* Assets.xcassets in Resources */,
			);
			runOnlyForDeploymentPostprocessing = 0;
		};
/* End PBXResourcesBuildPhase section */

/* Begin PBXSourcesBuildPhase section */
		70315CF22A72AF0A000C6381 /* Sources */ = {
			isa = PBXSourcesBuildPhase;
			buildActionMask = 2147483647;
			files = (
				70BC39932A79493300DE44EC /* PromoView.swift in Sources */,
				70315CFC2A72AF0A000C6381 /* ContentView.swift in Sources */,
				70315CFA2A72AF0A000C6381 /* Estee_LauderApp.swift in Sources */,
				70315D112A77A504000C6381 /* LaunchScreenManager.swift in Sources */,
				70315D0F2A77A01F000C6381 /* LaunchScreenView.swift in Sources */,
				70315D192A77EBCE000C6381 /* ProductsView.swift in Sources */,
			);
			runOnlyForDeploymentPostprocessing = 0;
		};
/* End PBXSourcesBuildPhase section */

/* Begin XCBuildConfiguration section */
		70315D022A72AF0C000C6381 /* Debug */ = {
			isa = XCBuildConfiguration;
			buildSettings = {
				ALWAYS_SEARCH_USER_PATHS = NO;
				CLANG_ANALYZER_NONNULL = YES;
				CLANG_ANALYZER_NUMBER_OBJECT_CONVERSION = YES_AGGRESSIVE;
				CLANG_CXX_LANGUAGE_STANDARD = "gnu++20";
				CLANG_ENABLE_MODULES = YES;
				CLANG_ENABLE_OBJC_ARC = YES;
				CLANG_ENABLE_OBJC_WEAK = YES;
				CLANG_WARN_BLOCK_CAPTURE_AUTORELEASING = YES;
				CLANG_WARN_BOOL_CONVERSION = YES;
				CLANG_WARN_COMMA = YES;
				CLANG_WARN_CONSTANT_CONVERSION = YES;
				CLANG_WARN_DEPRECATED_OBJC_IMPLEMENTATIONS = YES;
				CLANG_WARN_DIRECT_OBJC_ISA_USAGE = YES_ERROR;
				CLANG_WARN_DOCUMENTATION_COMMENTS = YES;
				CLANG_WARN_EMPTY_BODY = YES;
				CLANG_WARN_ENUM_CONVERSION = YES;
				CLANG_WARN_INFINITE_RECURSION = YES;
				CLANG_WARN_INT_CONVERSION = YES;
				CLANG_WARN_NON_LITERAL_NULL_CONVERSION = YES;
				CLANG_WARN_OBJC_IMPLICIT_RETAIN_SELF = YES;
				CLANG_WARN_OBJC_LITERAL_CONVERSION = YES;
				CLANG_WARN_OBJC_ROOT_CLASS = YES_ERROR;
				CLANG_WARN_QUOTED_INCLUDE_IN_FRAMEWORK_HEADER = YES;
				CLANG_WARN_RANGE_LOOP_ANALYSIS = YES;
				CLANG_WARN_STRICT_PROTOTYPES = YES;
				CLANG_WARN_SUSPICIOUS_MOVE = YES;
				CLANG_WARN_UNGUARDED_AVAILABILITY = YES_AGGRESSIVE;
				CLANG_WARN_UNREACHABLE_CODE = YES;
				CLANG_WARN__DUPLICATE_METHOD_MATCH = YES;
				COPY_PHASE_STRIP = NO;
				DEBUG_INFORMATION_FORMAT = dwarf;
				ENABLE_STRICT_OBJC_MSGSEND = YES;
				ENABLE_TESTABILITY = YES;
				GCC_C_LANGUAGE_STANDARD = gnu11;
				GCC_DYNAMIC_NO_PIC = NO;
				GCC_NO_COMMON_BLOCKS = YES;
				GCC_OPTIMIZATION_LEVEL = 0;
				GCC_PREPROCESSOR_DEFINITIONS = (
					"DEBUG=1",
					"$(inherited)",
				);
				GCC_WARN_64_TO_32_BIT_CONVERSION = YES;
				GCC_WARN_ABOUT_RETURN_TYPE = YES_ERROR;
				GCC_WARN_UNDECLARED_SELECTOR = YES;
				GCC_WARN_UNINITIALIZED_AUTOS = YES_AGGRESSIVE;
				GCC_WARN_UNUSED_FUNCTION = YES;
				GCC_WARN_UNUSED_VARIABLE = YES;
				IPHONEOS_DEPLOYMENT_TARGET = 16.4;
				MTL_ENABLE_DEBUG_INFO = INCLUDE_SOURCE;
				MTL_FAST_MATH = YES;
				ONLY_ACTIVE_ARCH = YES;
				SDKROOT = iphoneos;
				SWIFT_ACTIVE_COMPILATION_CONDITIONS = DEBUG;
				SWIFT_OPTIMIZATION_LEVEL = "-Onone";
			};
			name = Debug;
		};
		70315D032A72AF0C000C6381 /* Release */ = {
			isa = XCBuildConfiguration;
			buildSettings = {
				ALWAYS_SEARCH_USER_PATHS = NO;
				CLANG_ANALYZER_NONNULL = YES;
				CLANG_ANALYZER_NUMBER_OBJECT_CONVERSION = YES_AGGRESSIVE;
				CLANG_CXX_LANGUAGE_STANDARD = "gnu++20";
				CLANG_ENABLE_MODULES = YES;
				CLANG_ENABLE_OBJC_ARC = YES;
				CLANG_ENABLE_OBJC_WEAK = YES;
				CLANG_WARN_BLOCK_CAPTURE_AUTORELEASING = YES;
				CLANG_WARN_BOOL_CONVERSION = YES;
				CLANG_WARN_COMMA = YES;
				CLANG_WARN_CONSTANT_CONVERSION = YES;
				CLANG_WARN_DEPRECATED_OBJC_IMPLEMENTATIONS = YES;
				CLANG_WARN_DIRECT_OBJC_ISA_USAGE = YES_ERROR;
				CLANG_WARN_DOCUMENTATION_COMMENTS = YES;
				CLANG_WARN_EMPTY_BODY = YES;
				CLANG_WARN_ENUM_CONVERSION = YES;
				CLANG_WARN_INFINITE_RECURSION = YES;
				CLANG_WARN_INT_CONVERSION = YES;
				CLANG_WARN_NON_LITERAL_NULL_CONVERSION = YES;
				CLANG_WARN_OBJC_IMPLICIT_RETAIN_SELF = YES;
				CLANG_WARN_OBJC_LITERAL_CONVERSION = YES;
				CLANG_WARN_OBJC_ROOT_CLASS = YES_ERROR;
				CLANG_WARN_QUOTED_INCLUDE_IN_FRAMEWORK_HEADER = YES;
				CLANG_WARN_RANGE_LOOP_ANALYSIS = YES;
				CLANG_WARN_STRICT_PROTOTYPES = YES;
				CLANG_WARN_SUSPICIOUS_MOVE = YES;
				CLANG_WARN_UNGUARDED_AVAILABILITY = YES_AGGRESSIVE;
				CLANG_WARN_UNREACHABLE_CODE = YES;
				CLANG_WARN__DUPLICATE_METHOD_MATCH = YES;
				COPY_PHASE_STRIP = NO;
				DEBUG_INFORMATION_FORMAT = "dwarf-with-dsym";
				ENABLE_NS_ASSERTIONS = NO;
				ENABLE_STRICT_OBJC_MSGSEND = YES;
				GCC_C_LANGUAGE_STANDARD = gnu11;
				GCC_NO_COMMON_BLOCKS = YES;
				GCC_WARN_64_TO_32_BIT_CONVERSION = YES;
				GCC_WARN_ABOUT_RETURN_TYPE = YES_ERROR;
				GCC_WARN_UNDECLARED_SELECTOR = YES;
				GCC_WARN_UNINITIALIZED_AUTOS = YES_AGGRESSIVE;
				GCC_WARN_UNUSED_FUNCTION = YES;
				GCC_WARN_UNUSED_VARIABLE = YES;
				IPHONEOS_DEPLOYMENT_TARGET = 16.4;
				MTL_ENABLE_DEBUG_INFO = NO;
				MTL_FAST_MATH = YES;
				SDKROOT = iphoneos;
				SWIFT_COMPILATION_MODE = wholemodule;
				SWIFT_OPTIMIZATION_LEVEL = "-O";
				VALIDATE_PRODUCT = YES;
			};
			name = Release;
		};
		70315D052A72AF0C000C6381 /* Debug */ = {
			isa = XCBuildConfiguration;
			buildSettings = {
				ASSETCATALOG_COMPILER_APPICON_NAME = AppIcon;
				ASSETCATALOG_COMPILER_GLOBAL_ACCENT_COLOR_NAME = AccentColor;
				CODE_SIGN_STYLE = Automatic;
				CURRENT_PROJECT_VERSION = 1;
				DEVELOPMENT_ASSET_PATHS = "\"Estee Lauder/Preview Content\"";
				ENABLE_PREVIEWS = YES;
				GENERATE_INFOPLIST_FILE = YES;
				INFOPLIST_FILE = "Estee-Lauder-Info.plist";
				INFOPLIST_KEY_UIApplicationSceneManifest_Generation = YES;
				INFOPLIST_KEY_UIApplicationSupportsIndirectInputEvents = YES;
				INFOPLIST_KEY_UISupportedInterfaceOrientations_iPhone = "UIInterfaceOrientationPortrait UIInterfaceOrientationLandscapeLeft UIInterfaceOrientationLandscapeRight";
				LD_RUNPATH_SEARCH_PATHS = (
					"$(inherited)",
					"@executable_path/Frameworks",
				);
				MARKETING_VERSION = 1.0;
				PRODUCT_BUNDLE_IDENTIFIER = "KWK.Estee-Lauder";
				PRODUCT_NAME = "$(TARGET_NAME)";
				SWIFT_EMIT_LOC_STRINGS = YES;
				SWIFT_VERSION = 5.0;
				TARGETED_DEVICE_FAMILY = "1,2";
			};
			name = Debug;
		};
		70315D062A72AF0C000C6381 /* Release */ = {
			isa = XCBuildConfiguration;
			buildSettings = {
				ASSETCATALOG_COMPILER_APPICON_NAME = AppIcon;
				ASSETCATALOG_COMPILER_GLOBAL_ACCENT_COLOR_NAME = AccentColor;
				CODE_SIGN_STYLE = Automatic;
				CURRENT_PROJECT_VERSION = 1;
				DEVELOPMENT_ASSET_PATHS = "\"Estee Lauder/Preview Content\"";
				ENABLE_PREVIEWS = YES;
				GENERATE_INFOPLIST_FILE = YES;
				INFOPLIST_FILE = "Estee-Lauder-Info.plist";
				INFOPLIST_KEY_UIApplicationSceneManifest_Generation = YES;
				INFOPLIST_KEY_UIApplicationSupportsIndirectInputEvents = YES;
				INFOPLIST_KEY_UISupportedInterfaceOrientations_iPhone = "UIInterfaceOrientationPortrait UIInterfaceOrientationLandscapeLeft UIInterfaceOrientationLandscapeRight";
				LD_RUNPATH_SEARCH_PATHS = (
					"$(inherited)",
					"@executable_path/Frameworks",
				);
				MARKETING_VERSION = 1.0;
				PRODUCT_BUNDLE_IDENTIFIER = "KWK.Estee-Lauder";
				PRODUCT_NAME = "$(TARGET_NAME)";
				SWIFT_EMIT_LOC_STRINGS = YES;
				SWIFT_VERSION = 5.0;
				TARGETED_DEVICE_FAMILY = "1,2";
			};
			name = Release;
		};
/* End XCBuildConfiguration section */

/* Begin XCConfigurationList section */
		70315CF12A72AF0A000C6381 /* Build configuration list for PBXProject "Estee Lauder" */ = {
			isa = XCConfigurationList;
			buildConfigurations = (
				70315D022A72AF0C000C6381 /* Debug */,
				70315D032A72AF0C000C6381 /* Release */,
			);
			defaultConfigurationIsVisible = 0;
			defaultConfigurationName = Release;
		};
		70315D042A72AF0C000C6381 /* Build configuration list for PBXNativeTarget "Estee Lauder" */ = {
			isa = XCConfigurationList;
			buildConfigurations = (
				70315D052A72AF0C000C6381 /* Debug */,
				70315D062A72AF0C000C6381 /* Release */,
			);
			defaultConfigurationIsVisible = 0;
			defaultConfigurationName = Release;
		};
/* End XCConfigurationList section */
	};
	rootObject = 70315CEE2A72AF0A000C6381 /* Project object */;
}
